
Microsoft Visual Studio Solution File, Format Version 12.00
# Visual Studio Version 17
VisualStudioVersion = 17.14.36109.1
MinimumVisualStudioVersion = 10.0.40219.1
Project("{FAE04EC0-301F-11D3-BF4B-00C04F79EFBC}") = "SmsScheduler.FunctionApp", "src\SmsScheduler.FunctionApp\SmsScheduler.FunctionApp.csproj", "{D0B2B303-5965-D8E4-CD44-CF5D8D752250}"
EndProject
Global
	GlobalSection(SolutionConfigurationPlatforms) = preSolution
		Debug|Any CPU = Debug|Any CPU
		Release|Any CPU = Release|Any CPU
	EndGlobalSection
	GlobalSection(ProjectConfigurationPlatforms) = postSolution
		{D0B2B303-5965-D8E4-CD44-CF5D8D752250}.Debug|Any CPU.ActiveCfg = Debug|Any CPU
		{D0B2B303-5965-D8E4-CD44-CF5D8D752250}.Debug|Any CPU.Build.0 = Debug|Any CPU
		{D0B2B303-5965-D8E4-CD44-CF5D8D752250}.Release|Any CPU.ActiveCfg = Release|Any CPU
		{D0B2B303-5965-D8E4-CD44-CF5D8D752250}.Release|Any CPU.Build.0 = Release|Any CPU
	EndGlobalSection
	GlobalSection(SolutionProperties) = preSolution
		HideSolutionNode = FALSE
	EndGlobalSection
	GlobalSection(ExtensibilityGlobals) = postSolution
		SolutionGuid = {BDA6167E-BF44-4310-B1A4-0A2AC3352C9B}
	EndGlobalSection
EndGlobal
